
Microsoft Visual Studio Solution File, Format Version 12.00
# Visual Studio 2012
Project("{FAE04EC0-301F-11D3-BF4B-00C04F79EFBC}") = "ResultParser", "ResultParser\ResultParser.csproj", "{6576B4BF-AF13-4AE3-B4AA-131D3003E3DC}"
EndProject
Global
	GlobalSection(SolutionConfigurationPlatforms) = preSolution
		Debug|Any CPU = Debug|Any CPU
		Release|Any CPU = Release|Any CPU
	EndGlobalSection
	GlobalSection(ProjectConfigurationPlatforms) = postSolution
		{6576B4BF-AF13-4AE3-B4AA-131D3003E3DC}.Debug|Any CPU.ActiveCfg = Debug|Any CPU
		{6576B4BF-AF13-4AE3-B4AA-131D3003E3DC}.Debug|Any CPU.Build.0 = Debug|Any CPU
		{6576B4BF-AF13-4AE3-B4AA-131D3003E3DC}.Release|Any CPU.ActiveCfg = Release|Any CPU
		{6576B4BF-AF13-4AE3-B4AA-131D3003E3DC}.Release|Any CPU.Build.0 = Release|Any CPU
	EndGlobalSection
	GlobalSection(SolutionProperties) = preSolution
		HideSolutionNode = FALSE
	EndGlobalSection
EndGlobal
